{
  "name": "mlflow",
  "lockfileVersion": 2,
  "requires": true,
  "packages": {
    "": {
      "devDependencies": {
        "@auth0/auth0-react": "^1.8.0"
      }
    },
    "node_modules/@auth0/auth0-react": {
      "version": "1.8.0",
      "resolved": "https://registry.npmjs.org/@auth0/auth0-react/-/auth0-react-1.8.0.tgz",
      "integrity": "sha512-tlrabVy4mB07Jbw41S2Ze2a7eGLyL32xs5OURGHXrCCxPXOYpBMeV9FdPssIK6vbAVRiUgwoeiemFAGhLRLZ0w==",
      "dev": true,
      "dependencies": {
        "@auth0/auth0-spa-js": "^1.18.0"
      },
      "peerDependencies": {
        "react": "^16.11.0 || ^17",
        "react-dom": "^16.11.0 || ^17"
      }
    },
    "node_modules/@auth0/auth0-spa-js": {
      "version": "1.18.0",
      "resolved": "https://registry.npmjs.org/@auth0/auth0-spa-js/-/auth0-spa-js-1.18.0.tgz",
      "integrity": "sha512-Z8ZIzrZJKBHa3yFY/vRJYqg9CbLPwb2sRnouBdfPj8Pas08fwig63mfJKaTusIJC3gQ8xCIwfw4QFo83wpmFkg==",
      "dev": true,
      "dependencies": {
        "abortcontroller-polyfill": "^1.7.3",
        "browser-tabs-lock": "^1.2.14",
        "core-js": "^3.16.3",
        "es-cookie": "^1.3.2",
        "fast-text-encoding": "^1.0.3",
        "promise-polyfill": "^8.2.0",
        "unfetch": "^4.2.0"
      }
    },
    "node_modules/abortcontroller-polyfill": {
      "version": "1.7.3",
      "resolved": "https://registry.npmjs.org/abortcontroller-polyfill/-/abortcontroller-polyfill-1.7.3.tgz",
      "integrity": "sha512-zetDJxd89y3X99Kvo4qFx8GKlt6GsvN3UcRZHwU6iFA/0KiOmhkTVhe8oRoTBiTVPZu09x3vCra47+w8Yz1+2Q==",
      "dev": true
    },
    "node_modules/browser-tabs-lock": {
      "version": "1.2.15",
      "resolved": "https://registry.npmjs.org/browser-tabs-lock/-/browser-tabs-lock-1.2.15.tgz",
      "integrity": "sha512-J8K9vdivK0Di+b8SBdE7EZxDr88TnATing7XoLw6+nFkXMQ6sVBh92K3NQvZlZU91AIkFRi0w3sztk5Z+vsswA==",
      "dev": true,
      "hasInstallScript": true,
      "dependencies": {
        "lodash": ">=4.17.21"
      }
    },
    "node_modules/core-js": {
      "version": "3.18.1",
      "resolved": "https://registry.npmjs.org/core-js/-/core-js-3.18.1.tgz",
      "integrity": "sha512-vJlUi/7YdlCZeL6fXvWNaLUPh/id12WXj3MbkMw5uOyF0PfWPBNOCNbs53YqgrvtujLNlt9JQpruyIKkUZ+PKA==",
      "dev": true,
      "hasInstallScript": true,
      "funding": {
        "type": "opencollective",
        "url": "https://opencollective.com/core-js"
      }
    },
    "node_modules/es-cookie": {
      "version": "1.3.2",
      "resolved": "https://registry.npmjs.org/es-cookie/-/es-cookie-1.3.2.tgz",
      "integrity": "sha512-UTlYYhXGLOy05P/vKVT2Ui7WtC7NiRzGtJyAKKn32g5Gvcjn7KAClLPWlipCtxIus934dFg9o9jXiBL0nP+t9Q==",
      "dev": true
    },
    "node_modules/fast-text-encoding": {
      "version": "1.0.3",
      "resolved": "https://registry.npmjs.org/fast-text-encoding/-/fast-text-encoding-1.0.3.tgz",
      "integrity": "sha512-dtm4QZH9nZtcDt8qJiOH9fcQd1NAgi+K1O2DbE6GG1PPCK/BWfOH3idCTRQ4ImXRUOyopDEgDEnVEE7Y/2Wrig==",
      "dev": true
    },
    "node_modules/js-tokens": {
      "version": "4.0.0",
      "resolved": "https://registry.npmjs.org/js-tokens/-/js-tokens-4.0.0.tgz",
      "integrity": "sha512-RdJUflcE3cUzKiMqQgsCu06FPu9UdIJO0beYbPhHN4k6apgJtifcoCtT9bcxOpYBtpD2kCM6Sbzg4CausW/PKQ==",
      "dev": true,
      "peer": true
    },
    "node_modules/lodash": {
      "version": "4.17.21",
      "resolved": "https://registry.npmjs.org/lodash/-/lodash-4.17.21.tgz",
      "integrity": "sha512-v2kDEe57lecTulaDIuNTPy3Ry4gLGJ6Z1O3vE1krgXZNrsQ+LFTGHVxVjcXPs17LhbZVGedAJv8XZ1tvj5FvSg==",
      "dev": true
    },
    "node_modules/loose-envify": {
      "version": "1.4.0",
      "resolved": "https://registry.npmjs.org/loose-envify/-/loose-envify-1.4.0.tgz",
      "integrity": "sha512-lyuxPGr/Wfhrlem2CL/UcnUc1zcqKAImBDzukY7Y5F/yQiNdko6+fRLevlw1HgMySw7f611UIY408EtxRSoK3Q==",
      "dev": true,
      "peer": true,
      "dependencies": {
        "js-tokens": "^3.0.0 || ^4.0.0"
      },
      "bin": {
        "loose-envify": "cli.js"
      }
    },
    "node_modules/object-assign": {
      "version": "4.1.1",
      "resolved": "https://registry.npmjs.org/object-assign/-/object-assign-4.1.1.tgz",
      "integrity": "sha1-IQmtx5ZYh8/AXLvUQsrIv7s2CGM=",
      "dev": true,
      "peer": true,
      "engines": {
        "node": ">=0.10.0"
      }
    },
    "node_modules/promise-polyfill": {
      "version": "8.2.0",
      "resolved": "https://registry.npmjs.org/promise-polyfill/-/promise-polyfill-8.2.0.tgz",
      "integrity": "sha512-k/TC0mIcPVF6yHhUvwAp7cvL6I2fFV7TzF1DuGPI8mBh4QQazf36xCKEHKTZKRysEoTQoQdKyP25J8MPJp7j5g==",
      "dev": true
    },
    "node_modules/react": {
      "version": "17.0.2",
      "resolved": "https://registry.npmjs.org/react/-/react-17.0.2.tgz",
      "integrity": "sha512-gnhPt75i/dq/z3/6q/0asP78D0u592D5L1pd7M8P+dck6Fu/jJeL6iVVK23fptSUZj8Vjf++7wXA8UNclGQcbA==",
      "dev": true,
      "peer": true,
      "dependencies": {
        "loose-envify": "^1.1.0",
        "object-assign": "^4.1.1"
      },
      "engines": {
        "node": ">=0.10.0"
      }
    },
    "node_modules/react-dom": {
      "version": "17.0.2",
      "resolved": "https://registry.npmjs.org/react-dom/-/react-dom-17.0.2.tgz",
      "integrity": "sha512-s4h96KtLDUQlsENhMn1ar8t2bEa+q/YAtj8pPPdIjPDGBDIVNsrD9aXNWqspUe6AzKCIG0C1HZZLqLV7qpOBGA==",
      "dev": true,
      "peer": true,
      "dependencies": {
        "loose-envify": "^1.1.0",
        "object-assign": "^4.1.1",
        "scheduler": "^0.20.2"
      },
      "peerDependencies": {
        "react": "17.0.2"
      }
    },
    "node_modules/scheduler": {
      "version": "0.20.2",
      "resolved": "https://registry.npmjs.org/scheduler/-/scheduler-0.20.2.tgz",
      "integrity": "sha512-2eWfGgAqqWFGqtdMmcL5zCMK1U8KlXv8SQFGglL3CEtd0aDVDWgeF/YoCmvln55m5zSk3J/20hTaSBeSObsQDQ==",
      "dev": true,
      "peer": true,
      "dependencies": {
        "loose-envify": "^1.1.0",
        "object-assign": "^4.1.1"
      }
    },
    "node_modules/unfetch": {
      "version": "4.2.0",
      "resolved": "https://registry.npmjs.org/unfetch/-/unfetch-4.2.0.tgz",
      "integrity": "sha512-F9p7yYCn6cIW9El1zi0HI6vqpeIvBsr3dSuRO6Xuppb1u5rXpCPmMvLSyECLhybr9isec8Ohl0hPekMVrEinDA==",
      "dev": true
    }
  },
  "dependencies": {
    "@auth0/auth0-react": {
      "version": "1.8.0",
      "resolved": "https://registry.npmjs.org/@auth0/auth0-react/-/auth0-react-1.8.0.tgz",
      "integrity": "sha512-tlrabVy4mB07Jbw41S2Ze2a7eGLyL32xs5OURGHXrCCxPXOYpBMeV9FdPssIK6vbAVRiUgwoeiemFAGhLRLZ0w==",
      "dev": true,
      "requires": {
        "@auth0/auth0-spa-js": "^1.18.0"
      }
    },
    "@auth0/auth0-spa-js": {
      "version": "1.18.0",
      "resolved": "https://registry.npmjs.org/@auth0/auth0-spa-js/-/auth0-spa-js-1.18.0.tgz",
      "integrity": "sha512-Z8ZIzrZJKBHa3yFY/vRJYqg9CbLPwb2sRnouBdfPj8Pas08fwig63mfJKaTusIJC3gQ8xCIwfw4QFo83wpmFkg==",
      "dev": true,
      "requires": {
        "abortcontroller-polyfill": "^1.7.3",
        "browser-tabs-lock": "^1.2.14",
        "core-js": "^3.16.3",
        "es-cookie": "^1.3.2",
        "fast-text-encoding": "^1.0.3",
        "promise-polyfill": "^8.2.0",
        "unfetch": "^4.2.0"
      }
    },
    "abortcontroller-polyfill": {
      "version": "1.7.3",
      "resolved": "https://registry.npmjs.org/abortcontroller-polyfill/-/abortcontroller-polyfill-1.7.3.tgz",
      "integrity": "sha512-zetDJxd89y3X99Kvo4qFx8GKlt6GsvN3UcRZHwU6iFA/0KiOmhkTVhe8oRoTBiTVPZu09x3vCra47+w8Yz1+2Q==",
      "dev": true
    },
    "browser-tabs-lock": {
      "version": "1.2.15",
      "resolved": "https://registry.npmjs.org/browser-tabs-lock/-/browser-tabs-lock-1.2.15.tgz",
      "integrity": "sha512-J8K9vdivK0Di+b8SBdE7EZxDr88TnATing7XoLw6+nFkXMQ6sVBh92K3NQvZlZU91AIkFRi0w3sztk5Z+vsswA==",
      "dev": true,
      "requires": {
        "lodash": ">=4.17.21"
      }
    },
    "core-js": {
      "version": "3.18.1",
      "resolved": "https://registry.npmjs.org/core-js/-/core-js-3.18.1.tgz",
      "integrity": "sha512-vJlUi/7YdlCZeL6fXvWNaLUPh/id12WXj3MbkMw5uOyF0PfWPBNOCNbs53YqgrvtujLNlt9JQpruyIKkUZ+PKA==",
      "dev": true
    },
    "es-cookie": {
      "version": "1.3.2",
      "resolved": "https://registry.npmjs.org/es-cookie/-/es-cookie-1.3.2.tgz",
      "integrity": "sha512-UTlYYhXGLOy05P/vKVT2Ui7WtC7NiRzGtJyAKKn32g5Gvcjn7KAClLPWlipCtxIus934dFg9o9jXiBL0nP+t9Q==",
      "dev": true
    },
    "fast-text-encoding": {
      "version": "1.0.3",
      "resolved": "https://registry.npmjs.org/fast-text-encoding/-/fast-text-encoding-1.0.3.tgz",
      "integrity": "sha512-dtm4QZH9nZtcDt8qJiOH9fcQd1NAgi+K1O2DbE6GG1PPCK/BWfOH3idCTRQ4ImXRUOyopDEgDEnVEE7Y/2Wrig==",
      "dev": true
    },
    "js-tokens": {
      "version": "4.0.0",
      "resolved": "https://registry.npmjs.org/js-tokens/-/js-tokens-4.0.0.tgz",
      "integrity": "sha512-RdJUflcE3cUzKiMqQgsCu06FPu9UdIJO0beYbPhHN4k6apgJtifcoCtT9bcxOpYBtpD2kCM6Sbzg4CausW/PKQ==",
      "dev": true,
      "peer": true
    },
    "lodash": {
      "version": "4.17.21",
      "resolved": "https://registry.npmjs.org/lodash/-/lodash-4.17.21.tgz",
      "integrity": "sha512-v2kDEe57lecTulaDIuNTPy3Ry4gLGJ6Z1O3vE1krgXZNrsQ+LFTGHVxVjcXPs17LhbZVGedAJv8XZ1tvj5FvSg==",
      "dev": true
    },
    "loose-envify": {
      "version": "1.4.0",
      "resolved": "https://registry.npmjs.org/loose-envify/-/loose-envify-1.4.0.tgz",
      "integrity": "sha512-lyuxPGr/Wfhrlem2CL/UcnUc1zcqKAImBDzukY7Y5F/yQiNdko6+fRLevlw1HgMySw7f611UIY408EtxRSoK3Q==",
      "dev": true,
      "peer": true,
      "requires": {
        "js-tokens": "^3.0.0 || ^4.0.0"
      }
    },
    "object-assign": {
      "version": "4.1.1",
      "resolved": "https://registry.npmjs.org/object-assign/-/object-assign-4.1.1.tgz",
      "integrity": "sha1-IQmtx5ZYh8/AXLvUQsrIv7s2CGM=",
      "dev": true,
      "peer": true
    },
    "promise-polyfill": {
      "version": "8.2.0",
      "resolved": "https://registry.npmjs.org/promise-polyfill/-/promise-polyfill-8.2.0.tgz",
      "integrity": "sha512-k/TC0mIcPVF6yHhUvwAp7cvL6I2fFV7TzF1DuGPI8mBh4QQazf36xCKEHKTZKRysEoTQoQdKyP25J8MPJp7j5g==",
      "dev": true
    },
    "react": {
      "version": "17.0.2",
      "resolved": "https://registry.npmjs.org/react/-/react-17.0.2.tgz",
      "integrity": "sha512-gnhPt75i/dq/z3/6q/0asP78D0u592D5L1pd7M8P+dck6Fu/jJeL6iVVK23fptSUZj8Vjf++7wXA8UNclGQcbA==",
      "dev": true,
      "peer": true,
      "requires": {
        "loose-envify": "^1.1.0",
        "object-assign": "^4.1.1"
      }
    },
    "react-dom": {
      "version": "17.0.2",
      "resolved": "https://registry.npmjs.org/react-dom/-/react-dom-17.0.2.tgz",
      "integrity": "sha512-s4h96KtLDUQlsENhMn1ar8t2bEa+q/YAtj8pPPdIjPDGBDIVNsrD9aXNWqspUe6AzKCIG0C1HZZLqLV7qpOBGA==",
      "dev": true,
      "peer": true,
      "requires": {
        "loose-envify": "^1.1.0",
        "object-assign": "^4.1.1",
        "scheduler": "^0.20.2"
      }
    },
    "scheduler": {
      "version": "0.20.2",
      "resolved": "https://registry.npmjs.org/scheduler/-/scheduler-0.20.2.tgz",
      "integrity": "sha512-2eWfGgAqqWFGqtdMmcL5zCMK1U8KlXv8SQFGglL3CEtd0aDVDWgeF/YoCmvln55m5zSk3J/20hTaSBeSObsQDQ==",
      "dev": true,
      "peer": true,
      "requires": {
        "loose-envify": "^1.1.0",
        "object-assign": "^4.1.1"
      }
    },
    "unfetch": {
      "version": "4.2.0",
      "resolved": "https://registry.npmjs.org/unfetch/-/unfetch-4.2.0.tgz",
      "integrity": "sha512-F9p7yYCn6cIW9El1zi0HI6vqpeIvBsr3dSuRO6Xuppb1u5rXpCPmMvLSyECLhybr9isec8Ohl0hPekMVrEinDA==",
      "dev": true
    }
  }
}
