{
  "name": "feat-doc-landing-page",
  "lockfileVersion": 3,
  "requires": true,
  "packages": {
    "": {
      "dependencies": {
        "lucide-react": "^0.522.0"
      }
    },
    "node_modules/lucide-react": {
      "version": "0.522.0",
      "resolved": "https://registry.npmjs.org/lucide-react/-/lucide-react-0.522.0.tgz",
      "integrity": "sha512-jnJbw974yZ7rQHHEFKJOlWAefG3ATSCZHANZxIdx8Rk/16siuwjgA4fBULpXEAWx/RlTs3FzmKW/udWUuO0aRw==",
      "peerDependencies": {
        "react": "^16.5.1 || ^17.0.0 || ^18.0.0 || ^19.0.0"
      }
    },
    "node_modules/react": {
      "version": "19.1.0",
      "resolved": "https://registry.npmjs.org/react/-/react-19.1.0.tgz",
      "integrity": "sha512-FS+XFBNvn3GTAWq26joslQgWNoFu08F4kl0J4CgdNKADkdSGXQyTCnKteIAJy96Br6YbpEU1LSzV5dYtjMkMDg==",
      "peer": true,
      "engines": {
        "node": ">=0.10.0"
      }
    }
  }
}
